
Microsoft Visual Studio Solution File, Format Version 12.00
# Visual Studio Version 17
VisualStudioVersion = 17.4.33110.190
MinimumVisualStudioVersion = 10.0.40219.1
Project("{FAE04EC0-301F-11D3-BF4B-00C04F79EFBC}") = "NZWalks.API", "NZWalks.API\NZWalks.API.csproj", "{BA354C22-1317-4925-A59C-11155233EC90}"
EndProject
Global
	GlobalSection(SolutionConfigurationPlatforms) = preSolution
		Debug|Any CPU = Debug|Any CPU
		Release|Any CPU = Release|Any CPU
	EndGlobalSection
	GlobalSection(ProjectConfigurationPlatforms) = postSolution
		{BA354C22-1317-4925-A59C-11155233EC90}.Debug|Any CPU.ActiveCfg = Debug|Any CPU
		{BA354C22-1317-4925-A59C-11155233EC90}.Debug|Any CPU.Build.0 = Debug|Any CPU
		{BA354C22-1317-4925-A59C-11155233EC90}.Release|Any CPU.ActiveCfg = Release|Any CPU
		{BA354C22-1317-4925-A59C-11155233EC90}.Release|Any CPU.Build.0 = Release|Any CPU
	EndGlobalSection
	GlobalSection(SolutionProperties) = preSolution
		HideSolutionNode = FALSE
	EndGlobalSection
	GlobalSection(ExtensibilityGlobals) = postSolution
		SolutionGuid = {3D335211-B965-4A57-B4FE-0B97725C28D2}
	EndGlobalSection
EndGlobal
